<?xml version="1.0" encoding="utf-8" standalone="no"?>
<Scheme version="1.3" LastUpgradeVersion="1020">
	<AnalyzeAction buildConfiguration="Debug" />
	<ArchiveAction buildConfiguration="Release" revealArchiveInOrganizer="YES" />
	<TestAction selectedLauncherIdentifier="Xcode.DebuggerFoundation.Launcher.LLDB" codeCoverageEnabled="NO" selectedDebuggerIdentifier="Xcode.DebuggerFoundation.Debugger.LLDB" buildConfiguration="Debug" shouldUseLaunchSchemeArgsEnv="YES">
		<Testables />
		<MacroExpansion>
			<BuildableReference ReferencedContainer="container:CoastalRoads.xcodeproj" BlueprintIdentifier="D9ECAB0C20BE3ED300ECEF43" BuildableName="CoastalRoads.app" BlueprintName="CoastalRoads" BuildableIdentifier="primary" />
		</MacroExpansion>
	</TestAction>
	<ProfileAction savedToolIdentifier="" shouldUseLaunchSchemeArgsEnv="YES" buildConfiguration="Release" useCustomWorkingDirectory="NO" debugDocumentVersioning="YES">
		<BuildableProductRunnable runnableDebuggingMode="0">
			<BuildableReference BlueprintName="CoastalRoads" ReferencedContainer="container:CoastalRoads.xcodeproj" BlueprintIdentifier="D9ECAB0C20BE3ED300ECEF43" BuildableIdentifier="primary" BuildableName="CoastalRoads.app" />
		</BuildableProductRunnable>
	</ProfileAction>
	<BuildAction buildImplicitDependencies="YES" parallelizeBuildables="YES">
		<BuildActionEntries>
			<BuildActionEntry buildForProfiling="YES" buildForRunning="YES" buildForTesting="YES" buildForArchiving="YES" buildForAnalyzing="YES">
				<BuildableReference ReferencedContainer="container:CoastalRoads.xcodeproj" BuildableName="CoastalRoads.app" BuildableIdentifier="primary" BlueprintIdentifier="D9ECAB0C20BE3ED300ECEF43" BlueprintName="CoastalRoads" />
			</BuildActionEntry>
		</BuildActionEntries>
	</BuildAction>
	<LaunchAction debugDocumentVersioning="YES" buildConfiguration="Debug" selectedDebuggerIdentifier="Xcode.DebuggerFoundation.Debugger.LLDB" ignoresPersistentStateOnLaunch="NO" allowLocationSimulation="YES" useCustomWorkingDirectory="NO" launchStyle="0" debugServiceExtension="internal" selectedLauncherIdentifier="Xcode.DebuggerFoundation.Launcher.LLDB">
		<BuildableProductRunnable runnableDebuggingMode="0">
			<BuildableReference ReferencedContainer="container:CoastalRoads.xcodeproj" BlueprintIdentifier="D9ECAB0C20BE3ED300ECEF43" BlueprintName="CoastalRoads" BuildableName="CoastalRoads.app" BuildableIdentifier="primary" />
		</BuildableProductRunnable>
	</LaunchAction>
</Scheme>